hash: a291d26b9b4e5c445d326de0e10c4a8f1eba8a72f50ac3f131bc3d66ea712c34
updated: 2017-05-27T02:26:16.766361438+07:00
imports:
- name: github.com/aws/aws-sdk-go
  version: e0cdae7a65ba3a5e66a0af747a7b3967ddac099c
  subpackages:
  - aws
  - aws/credentials
  - aws/session
  - service/dynamodb
  - service/dynamodb/dynamodbattribute
- name: github.com/dgrijalva/jwt-go
  version: d2709f9f1f31ebcda9651b03077758c1f3a0018c
- name: github.com/satori/go.uuid
  version: 879c5887cd475cd7864858769793b2ceb0d44feb
- name: github.com/stretchr/testify
  version: 69483b4bd14f5845b5a1e55bca19e954e827f1d0
  subpackages:
  - mock
- name: go.uber.org/zap
  version: fab453050a7a08c35f31fc5fff6f2dbd962285ab
  subpackages:
  - zapcore
testImports: []
